
Microsoft Visual Studio Solution File, Format Version 12.00
# Visual Studio Version 16
VisualStudioVersion = 16.0.31025.194
MinimumVisualStudioVersion = 10.0.40219.1
Project("{FAE04EC0-301F-11D3-BF4B-00C04F79EFBC}") = "TowerFall_v2", "TowerFall_v2\TowerFall_v2.csproj", "{7BD957B2-0FD9-4552-AD16-83367F936136}"
EndProject
Global
	GlobalSection(SolutionConfigurationPlatforms) = preSolution
		Debug|Any CPU = Debug|Any CPU
		Release|Any CPU = Release|Any CPU
	EndGlobalSection
	GlobalSection(ProjectConfigurationPlatforms) = postSolution
		{7BD957B2-0FD9-4552-AD16-83367F936136}.Debug|Any CPU.ActiveCfg = Debug|Any CPU
		{7BD957B2-0FD9-4552-AD16-83367F936136}.Debug|Any CPU.Build.0 = Debug|Any CPU
		{7BD957B2-0FD9-4552-AD16-83367F936136}.Release|Any CPU.ActiveCfg = Release|Any CPU
		{7BD957B2-0FD9-4552-AD16-83367F936136}.Release|Any CPU.Build.0 = Release|Any CPU
	EndGlobalSection
	GlobalSection(SolutionProperties) = preSolution
		HideSolutionNode = FALSE
	EndGlobalSection
	GlobalSection(ExtensibilityGlobals) = postSolution
		SolutionGuid = {A409C77E-6941-4F54-82AF-8E55D8FD1EBD}
	EndGlobalSection
EndGlobal
